
Microsoft Visual Studio Solution File, Format Version 12.00
# Visual Studio Version 17
VisualStudioVersion = 17.8.34330.188
MinimumVisualStudioVersion = 10.0.40219.1
Project("{888888A0-9F3D-457C-B088-3A5042F75D52}") = "CMaDP", "CMaDP\CMaDP.pyproj", "{1C846598-5EF8-4711-9BB5-7716A48AE9F4}"
EndProject
Global
	GlobalSection(SolutionConfigurationPlatforms) = preSolution
		Debug|Any CPU = Debug|Any CPU
		Release|Any CPU = Release|Any CPU
	EndGlobalSection
	GlobalSection(ProjectConfigurationPlatforms) = postSolution
		{1C846598-5EF8-4711-9BB5-7716A48AE9F4}.Debug|Any CPU.ActiveCfg = Debug|Any CPU
		{1C846598-5EF8-4711-9BB5-7716A48AE9F4}.Release|Any CPU.ActiveCfg = Release|Any CPU
	EndGlobalSection
	GlobalSection(SolutionProperties) = preSolution
		HideSolutionNode = FALSE
	EndGlobalSection
	GlobalSection(ExtensibilityGlobals) = postSolution
		SolutionGuid = {42C82310-B54F-4590-9753-577362DB752E}
	EndGlobalSection
EndGlobal
